
Microsoft Visual Studio Solution File, Format Version 12.00
# Visual Studio Version 16
VisualStudioVersion = 16.0.29519.87
MinimumVisualStudioVersion = 10.0.40219.1
Project("{FAE04EC0-301F-11D3-BF4B-00C04F79EFBC}") = "POS_System", "..\CashierApp\CashierApp\POS_System.csproj", "{9AD28592-0DAA-44D3-B8A3-12E44921E0C1}"
EndProject
Global
	GlobalSection(SolutionConfigurationPlatforms) = preSolution
		Debug|Any CPU = Debug|Any CPU
		Release|Any CPU = Release|Any CPU
	EndGlobalSection
	GlobalSection(ProjectConfigurationPlatforms) = postSolution
		{9AD28592-0DAA-44D3-B8A3-12E44921E0C1}.Debug|Any CPU.ActiveCfg = Debug|Any CPU
		{9AD28592-0DAA-44D3-B8A3-12E44921E0C1}.Debug|Any CPU.Build.0 = Debug|Any CPU
		{9AD28592-0DAA-44D3-B8A3-12E44921E0C1}.Release|Any CPU.ActiveCfg = Release|Any CPU
		{9AD28592-0DAA-44D3-B8A3-12E44921E0C1}.Release|Any CPU.Build.0 = Release|Any CPU
	EndGlobalSection
	GlobalSection(SolutionProperties) = preSolution
		HideSolutionNode = FALSE
	EndGlobalSection
	GlobalSection(ExtensibilityGlobals) = postSolution
		SolutionGuid = {3DCCB0E2-29EE-4FD1-B144-6D196CE5A937}
	EndGlobalSection
EndGlobal
